
Microsoft Visual Studio Solution File, Format Version 12.00
# Visual Studio Version 17
VisualStudioVersion = 17.4.33110.190
MinimumVisualStudioVersion = 10.0.40219.1
Project("{FAE04EC0-301F-11D3-BF4B-00C04F79EFBC}") = "FirstMVCApp", "FirstMVCApp\FirstMVCApp.csproj", "{FE0DE63E-3795-4B96-A277-FCB695DAE8D8}"
EndProject
Global
	GlobalSection(SolutionConfigurationPlatforms) = preSolution
		Debug|Any CPU = Debug|Any CPU
		Release|Any CPU = Release|Any CPU
	EndGlobalSection
	GlobalSection(ProjectConfigurationPlatforms) = postSolution
		{FE0DE63E-3795-4B96-A277-FCB695DAE8D8}.Debug|Any CPU.ActiveCfg = Debug|Any CPU
		{FE0DE63E-3795-4B96-A277-FCB695DAE8D8}.Debug|Any CPU.Build.0 = Debug|Any CPU
		{FE0DE63E-3795-4B96-A277-FCB695DAE8D8}.Release|Any CPU.ActiveCfg = Release|Any CPU
		{FE0DE63E-3795-4B96-A277-FCB695DAE8D8}.Release|Any CPU.Build.0 = Release|Any CPU
	EndGlobalSection
	GlobalSection(SolutionProperties) = preSolution
		HideSolutionNode = FALSE
	EndGlobalSection
	GlobalSection(ExtensibilityGlobals) = postSolution
		SolutionGuid = {7DC550C6-5FE7-4E86-B096-48AE0D7CC9B9}
	EndGlobalSection
EndGlobal
